// !$*UTF8*$!
{
	archiveVersion = 1;
	classes = {
	};
	objectVersion = 56;
	objects = {

/* Begin PBXBuildFile section */
		5E9FAFB12C99B147008994B8 /* V2ViewController.swift in Sources */ = {isa = PBXBuildFile; fileRef = 5E9FAFAF2C99B147008994B8 /* V2ViewController.swift */; };
		5E9FAFB22C99B147008994B8 /* V2ViewController.xib in Resources */ = {isa = PBXBuildFile; fileRef = 5E9FAFB02C99B147008994B8 /* V2ViewController.xib */; };
		5E9FAFB52C99B164008994B8 /* TabCollectionView.swift in Sources */ = {isa = PBXBuildFile; fileRef = 5E9FAFB42C99B164008994B8 /* TabCollectionView.swift */; };
		5E9FAFB72C99B190008994B8 /* TabLabelCell.swift in Sources */ = {isa = PBXBuildFile; fileRef = 5E9FAFB62C99B190008994B8 /* TabLabelCell.swift */; };
		5E9FAFC22C9ACBD3008994B8 /* V3ViewController.swift in Sources */ = {isa = PBXBuildFile; fileRef = 5E9FAFC02C9ACBD3008994B8 /* V3ViewController.swift */; };
		5E9FAFC32C9ACBD3008994B8 /* V3ViewController.xib in Resources */ = {isa = PBXBuildFile; fileRef = 5E9FAFC12C9ACBD3008994B8 /* V3ViewController.xib */; };
		5E9FAFC52C9ACBEE008994B8 /* TabContentView.swift in Sources */ = {isa = PBXBuildFile; fileRef = 5E9FAFC42C9ACBEE008994B8 /* TabContentView.swift */; };
		5E9FAFCD2C9AF0EC008994B8 /* V4ViewController.swift in Sources */ = {isa = PBXBuildFile; fileRef = 5E9FAFCB2C9AF0EC008994B8 /* V4ViewController.swift */; };
		5E9FAFCE2C9AF0EC008994B8 /* V4ViewController.xib in Resources */ = {isa = PBXBuildFile; fileRef = 5E9FAFCC2C9AF0EC008994B8 /* V4ViewController.xib */; };
		5E9FAFD02C9C1241008994B8 /* UIColor+Ext.swift in Sources */ = {isa = PBXBuildFile; fileRef = 5E9FAFCF2C9C1241008994B8 /* UIColor+Ext.swift */; };
		5EE1F1DD2C98290100A040D9 /* AppDelegate.swift in Sources */ = {isa = PBXBuildFile; fileRef = 5EE1F1DC2C98290100A040D9 /* AppDelegate.swift */; };
		5EE1F1DF2C98290200A040D9 /* SceneDelegate.swift in Sources */ = {isa = PBXBuildFile; fileRef = 5EE1F1DE2C98290200A040D9 /* SceneDelegate.swift */; };
		5EE1F1E62C98290200A040D9 /* Assets.xcassets in Resources */ = {isa = PBXBuildFile; fileRef = 5EE1F1E52C98290200A040D9 /* Assets.xcassets */; };
		5EE1F1E92C98290200A040D9 /* Base in Resources */ = {isa = PBXBuildFile; fileRef = 5EE1F1E82C98290200A040D9 /* Base */; };
		5EE1F1F22C98299400A040D9 /* HomeViewController.swift in Sources */ = {isa = PBXBuildFile; fileRef = 5EE1F1F02C98299400A040D9 /* HomeViewController.swift */; };
		5EE1F1F32C98299400A040D9 /* HomeViewController.xib in Resources */ = {isa = PBXBuildFile; fileRef = 5EE1F1F12C98299400A040D9 /* HomeViewController.xib */; };
		5EE1F1F62C982AB200A040D9 /* TabsView.swift in Sources */ = {isa = PBXBuildFile; fileRef = 5EE1F1F52C982AB200A040D9 /* TabsView.swift */; };
		5EE1F1F92C982AF900A040D9 /* TabCell.swift in Sources */ = {isa = PBXBuildFile; fileRef = 5EE1F1F82C982AF900A040D9 /* TabCell.swift */; };
		5EE1F1FD2C983DA600A040D9 /* Demo1ViewController.swift in Sources */ = {isa = PBXBuildFile; fileRef = 5EE1F1FB2C983DA600A040D9 /* Demo1ViewController.swift */; };
		5EE1F1FE2C983DA600A040D9 /* Demo1ViewController.xib in Resources */ = {isa = PBXBuildFile; fileRef = 5EE1F1FC2C983DA600A040D9 /* Demo1ViewController.xib */; };
		5EE1F2012C983DB300A040D9 /* Demo2ViewController.swift in Sources */ = {isa = PBXBuildFile; fileRef = 5EE1F1FF2C983DB300A040D9 /* Demo2ViewController.swift */; };
		5EE1F2022C983DB300A040D9 /* Demo2ViewController.xib in Resources */ = {isa = PBXBuildFile; fileRef = 5EE1F2002C983DB300A040D9 /* Demo2ViewController.xib */; };
		5EE1F2052C983DBD00A040D9 /* Demo3ViewController.swift in Sources */ = {isa = PBXBuildFile; fileRef = 5EE1F2032C983DBD00A040D9 /* Demo3ViewController.swift */; };
		5EE1F2062C983DBD00A040D9 /* Demo3ViewController.xib in Resources */ = {isa = PBXBuildFile; fileRef = 5EE1F2042C983DBD00A040D9 /* Demo3ViewController.xib */; };
/* End PBXBuildFile section */

/* Begin PBXFileReference section */
		5E9FAFAF2C99B147008994B8 /* V2ViewController.swift */ = {isa = PBXFileReference; lastKnownFileType = sourcecode.swift; path = V2ViewController.swift; sourceTree = "<group>"; };
		5E9FAFB02C99B147008994B8 /* V2ViewController.xib */ = {isa = PBXFileReference; lastKnownFileType = file.xib; path = V2ViewController.xib; sourceTree = "<group>"; };
		5E9FAFB42C99B164008994B8 /* TabCollectionView.swift */ = {isa = PBXFileReference; lastKnownFileType = sourcecode.swift; path = TabCollectionView.swift; sourceTree = "<group>"; };
		5E9FAFB62C99B190008994B8 /* TabLabelCell.swift */ = {isa = PBXFileReference; lastKnownFileType = sourcecode.swift; path = TabLabelCell.swift; sourceTree = "<group>"; };
		5E9FAFC02C9ACBD3008994B8 /* V3ViewController.swift */ = {isa = PBXFileReference; lastKnownFileType = sourcecode.swift; path = V3ViewController.swift; sourceTree = "<group>"; };
		5E9FAFC12C9ACBD3008994B8 /* V3ViewController.xib */ = {isa = PBXFileReference; lastKnownFileType = file.xib; path = V3ViewController.xib; sourceTree = "<group>"; };
		5E9FAFC42C9ACBEE008994B8 /* TabContentView.swift */ = {isa = PBXFileReference; lastKnownFileType = sourcecode.swift; path = TabContentView.swift; sourceTree = "<group>"; };
		5E9FAFCB2C9AF0EC008994B8 /* V4ViewController.swift */ = {isa = PBXFileReference; lastKnownFileType = sourcecode.swift; path = V4ViewController.swift; sourceTree = "<group>"; };
		5E9FAFCC2C9AF0EC008994B8 /* V4ViewController.xib */ = {isa = PBXFileReference; lastKnownFileType = file.xib; path = V4ViewController.xib; sourceTree = "<group>"; };
		5E9FAFCF2C9C1241008994B8 /* UIColor+Ext.swift */ = {isa = PBXFileReference; lastKnownFileType = sourcecode.swift; path = "UIColor+Ext.swift"; sourceTree = "<group>"; };
		5EE1F1D92C98290100A040D9 /* TabView.app */ = {isa = PBXFileReference; explicitFileType = wrapper.application; includeInIndex = 0; path = TabView.app; sourceTree = BUILT_PRODUCTS_DIR; };
		5EE1F1DC2C98290100A040D9 /* AppDelegate.swift */ = {isa = PBXFileReference; lastKnownFileType = sourcecode.swift; path = AppDelegate.swift; sourceTree = "<group>"; };
		5EE1F1DE2C98290200A040D9 /* SceneDelegate.swift */ = {isa = PBXFileReference; lastKnownFileType = sourcecode.swift; path = SceneDelegate.swift; sourceTree = "<group>"; };
		5EE1F1E52C98290200A040D9 /* Assets.xcassets */ = {isa = PBXFileReference; lastKnownFileType = folder.assetcatalog; path = Assets.xcassets; sourceTree = "<group>"; };
		5EE1F1E82C98290200A040D9 /* Base */ = {isa = PBXFileReference; lastKnownFileType = file.storyboard; name = Base; path = Base.lproj/LaunchScreen.storyboard; sourceTree = "<group>"; };
		5EE1F1EA2C98290200A040D9 /* Info.plist */ = {isa = PBXFileReference; lastKnownFileType = text.plist.xml; path = Info.plist; sourceTree = "<group>"; };
		5EE1F1F02C98299400A040D9 /* HomeViewController.swift */ = {isa = PBXFileReference; lastKnownFileType = sourcecode.swift; path = HomeViewController.swift; sourceTree = "<group>"; };
		5EE1F1F12C98299400A040D9 /* HomeViewController.xib */ = {isa = PBXFileReference; lastKnownFileType = file.xib; path = HomeViewController.xib; sourceTree = "<group>"; };
		5EE1F1F52C982AB200A040D9 /* TabsView.swift */ = {isa = PBXFileReference; lastKnownFileType = sourcecode.swift; path = TabsView.swift; sourceTree = "<group>"; };
		5EE1F1F82C982AF900A040D9 /* TabCell.swift */ = {isa = PBXFileReference; lastKnownFileType = sourcecode.swift; path = TabCell.swift; sourceTree = "<group>"; };
		5EE1F1FB2C983DA600A040D9 /* Demo1ViewController.swift */ = {isa = PBXFileReference; lastKnownFileType = sourcecode.swift; path = Demo1ViewController.swift; sourceTree = "<group>"; };
		5EE1F1FC2C983DA600A040D9 /* Demo1ViewController.xib */ = {isa = PBXFileReference; lastKnownFileType = file.xib; path = Demo1ViewController.xib; sourceTree = "<group>"; };
		5EE1F1FF2C983DB300A040D9 /* Demo2ViewController.swift */ = {isa = PBXFileReference; lastKnownFileType = sourcecode.swift; path = Demo2ViewController.swift; sourceTree = "<group>"; };
		5EE1F2002C983DB300A040D9 /* Demo2ViewController.xib */ = {isa = PBXFileReference; lastKnownFileType = file.xib; path = Demo2ViewController.xib; sourceTree = "<group>"; };
		5EE1F2032C983DBD00A040D9 /* Demo3ViewController.swift */ = {isa = PBXFileReference; lastKnownFileType = sourcecode.swift; path = Demo3ViewController.swift; sourceTree = "<group>"; };
		5EE1F2042C983DBD00A040D9 /* Demo3ViewController.xib */ = {isa = PBXFileReference; lastKnownFileType = file.xib; path = Demo3ViewController.xib; sourceTree = "<group>"; };
/* End PBXFileReference section */

/* Begin PBXFrameworksBuildPhase section */
		5EE1F1D62C98290100A040D9 /* Frameworks */ = {
			isa = PBXFrameworksBuildPhase;
			buildActionMask = 2147483647;
			files = (
			);
			runOnlyForDeploymentPostprocessing = 0;
		};
/* End PBXFrameworksBuildPhase section */

/* Begin PBXGroup section */
		5E9FAFAE2C99B12E008994B8 /* v2 */ = {
			isa = PBXGroup;
			children = (
				5E9FAFB32C99B14B008994B8 /* Components */,
				5E9FAFAF2C99B147008994B8 /* V2ViewController.swift */,
				5E9FAFB02C99B147008994B8 /* V2ViewController.xib */,
			);
			path = v2;
			sourceTree = "<group>";
		};
		5E9FAFB32C99B14B008994B8 /* Components */ = {
			isa = PBXGroup;
			children = (
				5E9FAFB42C99B164008994B8 /* TabCollectionView.swift */,
				5E9FAFB62C99B190008994B8 /* TabLabelCell.swift */,
				5E9FAFCF2C9C1241008994B8 /* UIColor+Ext.swift */,
			);
			path = Components;
			sourceTree = "<group>";
		};
		5E9FAFBF2C9ACBB6008994B8 /* v3MakeUsable */ = {
			isa = PBXGroup;
			children = (
				5E9FAFC02C9ACBD3008994B8 /* V3ViewController.swift */,
				5E9FAFC12C9ACBD3008994B8 /* V3ViewController.xib */,
				5E9FAFC42C9ACBEE008994B8 /* TabContentView.swift */,
			);
			path = v3MakeUsable;
			sourceTree = "<group>";
		};
		5E9FAFC62C9AF096008994B8 /* v4UseItWithAddVC */ = {
			isa = PBXGroup;
			children = (
				5E9FAFCB2C9AF0EC008994B8 /* V4ViewController.swift */,
				5E9FAFCC2C9AF0EC008994B8 /* V4ViewController.xib */,
			);
			path = v4UseItWithAddVC;
			sourceTree = "<group>";
		};
		5EE1F1D02C98290100A040D9 = {
			isa = PBXGroup;
			children = (
				5EE1F1DB2C98290100A040D9 /* TabView */,
				5EE1F1DA2C98290100A040D9 /* Products */,
			);
			sourceTree = "<group>";
		};
		5EE1F1DA2C98290100A040D9 /* Products */ = {
			isa = PBXGroup;
			children = (
				5EE1F1D92C98290100A040D9 /* TabView.app */,
			);
			name = Products;
			sourceTree = "<group>";
		};
		5EE1F1DB2C98290100A040D9 /* TabView */ = {
			isa = PBXGroup;
			children = (
				5E9FAFC62C9AF096008994B8 /* v4UseItWithAddVC */,
				5E9FAFBF2C9ACBB6008994B8 /* v3MakeUsable */,
				5E9FAFAE2C99B12E008994B8 /* v2 */,
				5EE1F1FA2C983D8A00A040D9 /* ViewControllers */,
				5EE1F1F42C982A9700A040D9 /* Components */,
				5EE1F1DC2C98290100A040D9 /* AppDelegate.swift */,
				5EE1F1DE2C98290200A040D9 /* SceneDelegate.swift */,
				5EE1F1F02C98299400A040D9 /* HomeViewController.swift */,
				5EE1F1F12C98299400A040D9 /* HomeViewController.xib */,
				5EE1F1E52C98290200A040D9 /* Assets.xcassets */,
				5EE1F1E72C98290200A040D9 /* LaunchScreen.storyboard */,
				5EE1F1EA2C98290200A040D9 /* Info.plist */,
			);
			path = TabView;
			sourceTree = "<group>";
		};
		5EE1F1F42C982A9700A040D9 /* Components */ = {
			isa = PBXGroup;
			children = (
				5EE1F1F52C982AB200A040D9 /* TabsView.swift */,
				5EE1F1F72C982AEA00A040D9 /* TabCell */,
			);
			path = Components;
			sourceTree = "<group>";
		};
		5EE1F1F72C982AEA00A040D9 /* TabCell */ = {
			isa = PBXGroup;
			children = (
				5EE1F1F82C982AF900A040D9 /* TabCell.swift */,
			);
			path = TabCell;
			sourceTree = "<group>";
		};
		5EE1F1FA2C983D8A00A040D9 /* ViewControllers */ = {
			isa = PBXGroup;
			children = (
				5EE1F1FB2C983DA600A040D9 /* Demo1ViewController.swift */,
				5EE1F1FF2C983DB300A040D9 /* Demo2ViewController.swift */,
				5EE1F2032C983DBD00A040D9 /* Demo3ViewController.swift */,
				5EE1F2042C983DBD00A040D9 /* Demo3ViewController.xib */,
				5EE1F2002C983DB300A040D9 /* Demo2ViewController.xib */,
				5EE1F1FC2C983DA600A040D9 /* Demo1ViewController.xib */,
			);
			path = ViewControllers;
			sourceTree = "<group>";
		};
/* End PBXGroup section */

/* Begin PBXNativeTarget section */
		5EE1F1D82C98290100A040D9 /* TabView */ = {
			isa = PBXNativeTarget;
			buildConfigurationList = 5EE1F1ED2C98290200A040D9 /* Build configuration list for PBXNativeTarget "TabView" */;
			buildPhases = (
				5EE1F1D52C98290100A040D9 /* Sources */,
				5EE1F1D62C98290100A040D9 /* Frameworks */,
				5EE1F1D72C98290100A040D9 /* Resources */,
			);
			buildRules = (
			);
			dependencies = (
			);
			name = TabView;
			productName = TabView;
			productReference = 5EE1F1D92C98290100A040D9 /* TabView.app */;
			productType = "com.apple.product-type.application";
		};
/* End PBXNativeTarget section */

/* Begin PBXProject section */
		5EE1F1D12C98290100A040D9 /* Project object */ = {
			isa = PBXProject;
			attributes = {
				BuildIndependentTargetsInParallel = 1;
				LastSwiftUpdateCheck = 1530;
				LastUpgradeCheck = 1530;
				TargetAttributes = {
					5EE1F1D82C98290100A040D9 = {
						CreatedOnToolsVersion = 15.3;
					};
				};
			};
			buildConfigurationList = 5EE1F1D42C98290100A040D9 /* Build configuration list for PBXProject "TabView" */;
			compatibilityVersion = "Xcode 14.0";
			developmentRegion = en;
			hasScannedForEncodings = 0;
			knownRegions = (
				en,
				Base,
			);
			mainGroup = 5EE1F1D02C98290100A040D9;
			productRefGroup = 5EE1F1DA2C98290100A040D9 /* Products */;
			projectDirPath = "";
			projectRoot = "";
			targets = (
				5EE1F1D82C98290100A040D9 /* TabView */,
			);
		};
/* End PBXProject section */

/* Begin PBXResourcesBuildPhase section */
		5EE1F1D72C98290100A040D9 /* Resources */ = {
			isa = PBXResourcesBuildPhase;
			buildActionMask = 2147483647;
			files = (
				5EE1F1E62C98290200A040D9 /* Assets.xcassets in Resources */,
				5E9FAFCE2C9AF0EC008994B8 /* V4ViewController.xib in Resources */,
				5EE1F1FE2C983DA600A040D9 /* Demo1ViewController.xib in Resources */,
				5EE1F1E92C98290200A040D9 /* Base in Resources */,
				5EE1F1F32C98299400A040D9 /* HomeViewController.xib in Resources */,
				5EE1F2022C983DB300A040D9 /* Demo2ViewController.xib in Resources */,
				5E9FAFC32C9ACBD3008994B8 /* V3ViewController.xib in Resources */,
				5E9FAFB22C99B147008994B8 /* V2ViewController.xib in Resources */,
				5EE1F2062C983DBD00A040D9 /* Demo3ViewController.xib in Resources */,
			);
			runOnlyForDeploymentPostprocessing = 0;
		};
/* End PBXResourcesBuildPhase section */

/* Begin PBXSourcesBuildPhase section */
		5EE1F1D52C98290100A040D9 /* Sources */ = {
			isa = PBXSourcesBuildPhase;
			buildActionMask = 2147483647;
			files = (
				5E9FAFB12C99B147008994B8 /* V2ViewController.swift in Sources */,
				5E9FAFC22C9ACBD3008994B8 /* V3ViewController.swift in Sources */,
				5E9FAFB72C99B190008994B8 /* TabLabelCell.swift in Sources */,
				5EE1F2012C983DB300A040D9 /* Demo2ViewController.swift in Sources */,
				5EE1F1DD2C98290100A040D9 /* AppDelegate.swift in Sources */,
				5EE1F1DF2C98290200A040D9 /* SceneDelegate.swift in Sources */,
				5E9FAFCD2C9AF0EC008994B8 /* V4ViewController.swift in Sources */,
				5EE1F2052C983DBD00A040D9 /* Demo3ViewController.swift in Sources */,
				5E9FAFC52C9ACBEE008994B8 /* TabContentView.swift in Sources */,
				5EE1F1F92C982AF900A040D9 /* TabCell.swift in Sources */,
				5EE1F1FD2C983DA600A040D9 /* Demo1ViewController.swift in Sources */,
				5EE1F1F62C982AB200A040D9 /* TabsView.swift in Sources */,
				5E9FAFD02C9C1241008994B8 /* UIColor+Ext.swift in Sources */,
				5E9FAFB52C99B164008994B8 /* TabCollectionView.swift in Sources */,
				5EE1F1F22C98299400A040D9 /* HomeViewController.swift in Sources */,
			);
			runOnlyForDeploymentPostprocessing = 0;
		};
/* End PBXSourcesBuildPhase section */

/* Begin PBXVariantGroup section */
		5EE1F1E72C98290200A040D9 /* LaunchScreen.storyboard */ = {
			isa = PBXVariantGroup;
			children = (
				5EE1F1E82C98290200A040D9 /* Base */,
			);
			name = LaunchScreen.storyboard;
			sourceTree = "<group>";
		};
/* End PBXVariantGroup section */

/* Begin XCBuildConfiguration section */
		5EE1F1EB2C98290200A040D9 /* Debug */ = {
			isa = XCBuildConfiguration;
			buildSettings = {
				ALWAYS_SEARCH_USER_PATHS = NO;
				ASSETCATALOG_COMPILER_GENERATE_SWIFT_ASSET_SYMBOL_EXTENSIONS = YES;
				CLANG_ANALYZER_NONNULL = YES;
				CLANG_ANALYZER_NUMBER_OBJECT_CONVERSION = YES_AGGRESSIVE;
				CLANG_CXX_LANGUAGE_STANDARD = "gnu++20";
				CLANG_ENABLE_MODULES = YES;
				CLANG_ENABLE_OBJC_ARC = YES;
				CLANG_ENABLE_OBJC_WEAK = YES;
				CLANG_WARN_BLOCK_CAPTURE_AUTORELEASING = YES;
				CLANG_WARN_BOOL_CONVERSION = YES;
				CLANG_WARN_COMMA = YES;
				CLANG_WARN_CONSTANT_CONVERSION = YES;
				CLANG_WARN_DEPRECATED_OBJC_IMPLEMENTATIONS = YES;
				CLANG_WARN_DIRECT_OBJC_ISA_USAGE = YES_ERROR;
				CLANG_WARN_DOCUMENTATION_COMMENTS = YES;
				CLANG_WARN_EMPTY_BODY = YES;
				CLANG_WARN_ENUM_CONVERSION = YES;
				CLANG_WARN_INFINITE_RECURSION = YES;
				CLANG_WARN_INT_CONVERSION = YES;
				CLANG_WARN_NON_LITERAL_NULL_CONVERSION = YES;
				CLANG_WARN_OBJC_IMPLICIT_RETAIN_SELF = YES;
				CLANG_WARN_OBJC_LITERAL_CONVERSION = YES;
				CLANG_WARN_OBJC_ROOT_CLASS = YES_ERROR;
				CLANG_WARN_QUOTED_INCLUDE_IN_FRAMEWORK_HEADER = YES;
				CLANG_WARN_RANGE_LOOP_ANALYSIS = YES;
				CLANG_WARN_STRICT_PROTOTYPES = YES;
				CLANG_WARN_SUSPICIOUS_MOVE = YES;
				CLANG_WARN_UNGUARDED_AVAILABILITY = YES_AGGRESSIVE;
				CLANG_WARN_UNREACHABLE_CODE = YES;
				CLANG_WARN__DUPLICATE_METHOD_MATCH = YES;
				COPY_PHASE_STRIP = NO;
				DEBUG_INFORMATION_FORMAT = dwarf;
				ENABLE_STRICT_OBJC_MSGSEND = YES;
				ENABLE_TESTABILITY = YES;
				ENABLE_USER_SCRIPT_SANDBOXING = YES;
				GCC_C_LANGUAGE_STANDARD = gnu17;
				GCC_DYNAMIC_NO_PIC = NO;
				GCC_NO_COMMON_BLOCKS = YES;
				GCC_OPTIMIZATION_LEVEL = 0;
				GCC_PREPROCESSOR_DEFINITIONS = (
					"DEBUG=1",
					"$(inherited)",
				);
				GCC_WARN_64_TO_32_BIT_CONVERSION = YES;
				GCC_WARN_ABOUT_RETURN_TYPE = YES_ERROR;
				GCC_WARN_UNDECLARED_SELECTOR = YES;
				GCC_WARN_UNINITIALIZED_AUTOS = YES_AGGRESSIVE;
				GCC_WARN_UNUSED_FUNCTION = YES;
				GCC_WARN_UNUSED_VARIABLE = YES;
				IPHONEOS_DEPLOYMENT_TARGET = 17.4;
				LOCALIZATION_PREFERS_STRING_CATALOGS = YES;
				MTL_ENABLE_DEBUG_INFO = INCLUDE_SOURCE;
				MTL_FAST_MATH = YES;
				ONLY_ACTIVE_ARCH = YES;
				SDKROOT = iphoneos;
				SWIFT_ACTIVE_COMPILATION_CONDITIONS = "DEBUG $(inherited)";
				SWIFT_OPTIMIZATION_LEVEL = "-Onone";
			};
			name = Debug;
		};
		5EE1F1EC2C98290200A040D9 /* Release */ = {
			isa = XCBuildConfiguration;
			buildSettings = {
				ALWAYS_SEARCH_USER_PATHS = NO;
				ASSETCATALOG_COMPILER_GENERATE_SWIFT_ASSET_SYMBOL_EXTENSIONS = YES;
				CLANG_ANALYZER_NONNULL = YES;
				CLANG_ANALYZER_NUMBER_OBJECT_CONVERSION = YES_AGGRESSIVE;
				CLANG_CXX_LANGUAGE_STANDARD = "gnu++20";
				CLANG_ENABLE_MODULES = YES;
				CLANG_ENABLE_OBJC_ARC = YES;
				CLANG_ENABLE_OBJC_WEAK = YES;
				CLANG_WARN_BLOCK_CAPTURE_AUTORELEASING = YES;
				CLANG_WARN_BOOL_CONVERSION = YES;
				CLANG_WARN_COMMA = YES;
				CLANG_WARN_CONSTANT_CONVERSION = YES;
				CLANG_WARN_DEPRECATED_OBJC_IMPLEMENTATIONS = YES;
				CLANG_WARN_DIRECT_OBJC_ISA_USAGE = YES_ERROR;
				CLANG_WARN_DOCUMENTATION_COMMENTS = YES;
				CLANG_WARN_EMPTY_BODY = YES;
				CLANG_WARN_ENUM_CONVERSION = YES;
				CLANG_WARN_INFINITE_RECURSION = YES;
				CLANG_WARN_INT_CONVERSION = YES;
				CLANG_WARN_NON_LITERAL_NULL_CONVERSION = YES;
				CLANG_WARN_OBJC_IMPLICIT_RETAIN_SELF = YES;
				CLANG_WARN_OBJC_LITERAL_CONVERSION = YES;
				CLANG_WARN_OBJC_ROOT_CLASS = YES_ERROR;
				CLANG_WARN_QUOTED_INCLUDE_IN_FRAMEWORK_HEADER = YES;
				CLANG_WARN_RANGE_LOOP_ANALYSIS = YES;
				CLANG_WARN_STRICT_PROTOTYPES = YES;
				CLANG_WARN_SUSPICIOUS_MOVE = YES;
				CLANG_WARN_UNGUARDED_AVAILABILITY = YES_AGGRESSIVE;
				CLANG_WARN_UNREACHABLE_CODE = YES;
				CLANG_WARN__DUPLICATE_METHOD_MATCH = YES;
				COPY_PHASE_STRIP = NO;
				DEBUG_INFORMATION_FORMAT = "dwarf-with-dsym";
				ENABLE_NS_ASSERTIONS = NO;
				ENABLE_STRICT_OBJC_MSGSEND = YES;
				ENABLE_USER_SCRIPT_SANDBOXING = YES;
				GCC_C_LANGUAGE_STANDARD = gnu17;
				GCC_NO_COMMON_BLOCKS = YES;
				GCC_WARN_64_TO_32_BIT_CONVERSION = YES;
				GCC_WARN_ABOUT_RETURN_TYPE = YES_ERROR;
				GCC_WARN_UNDECLARED_SELECTOR = YES;
				GCC_WARN_UNINITIALIZED_AUTOS = YES_AGGRESSIVE;
				GCC_WARN_UNUSED_FUNCTION = YES;
				GCC_WARN_UNUSED_VARIABLE = YES;
				IPHONEOS_DEPLOYMENT_TARGET = 17.4;
				LOCALIZATION_PREFERS_STRING_CATALOGS = YES;
				MTL_ENABLE_DEBUG_INFO = NO;
				MTL_FAST_MATH = YES;
				SDKROOT = iphoneos;
				SWIFT_COMPILATION_MODE = wholemodule;
				VALIDATE_PRODUCT = YES;
			};
			name = Release;
		};
		5EE1F1EE2C98290200A040D9 /* Debug */ = {
			isa = XCBuildConfiguration;
			buildSettings = {
				ASSETCATALOG_COMPILER_APPICON_NAME = AppIcon;
				ASSETCATALOG_COMPILER_GLOBAL_ACCENT_COLOR_NAME = AccentColor;
				CODE_SIGN_STYLE = Automatic;
				CURRENT_PROJECT_VERSION = 1;
				DEVELOPMENT_TEAM = S9W8QN4B4C;
				GENERATE_INFOPLIST_FILE = YES;
				INFOPLIST_FILE = TabView/Info.plist;
				INFOPLIST_KEY_UIApplicationSupportsIndirectInputEvents = YES;
				INFOPLIST_KEY_UILaunchStoryboardName = LaunchScreen;
				INFOPLIST_KEY_UIMainStoryboardFile = "";
				INFOPLIST_KEY_UISupportedInterfaceOrientations_iPad = "UIInterfaceOrientationPortrait UIInterfaceOrientationPortraitUpsideDown UIInterfaceOrientationLandscapeLeft UIInterfaceOrientationLandscapeRight";
				INFOPLIST_KEY_UISupportedInterfaceOrientations_iPhone = "UIInterfaceOrientationPortrait UIInterfaceOrientationLandscapeLeft UIInterfaceOrientationLandscapeRight";
				IPHONEOS_DEPLOYMENT_TARGET = 14.0;
				LD_RUNPATH_SEARCH_PATHS = (
					"$(inherited)",
					"@executable_path/Frameworks",
				);
				MARKETING_VERSION = 1.0;
				PRODUCT_BUNDLE_IDENTIFIER = com.hamitseyrek.TabView;
				PRODUCT_NAME = "$(TARGET_NAME)";
				SWIFT_EMIT_LOC_STRINGS = YES;
				SWIFT_VERSION = 5.0;
				TARGETED_DEVICE_FAMILY = "1,2";
			};
			name = Debug;
		};
		5EE1F1EF2C98290200A040D9 /* Release */ = {
			isa = XCBuildConfiguration;
			buildSettings = {
				ASSETCATALOG_COMPILER_APPICON_NAME = AppIcon;
				ASSETCATALOG_COMPILER_GLOBAL_ACCENT_COLOR_NAME = AccentColor;
				CODE_SIGN_STYLE = Automatic;
				CURRENT_PROJECT_VERSION = 1;
				DEVELOPMENT_TEAM = S9W8QN4B4C;
				GENERATE_INFOPLIST_FILE = YES;
				INFOPLIST_FILE = TabView/Info.plist;
				INFOPLIST_KEY_UIApplicationSupportsIndirectInputEvents = YES;
				INFOPLIST_KEY_UILaunchStoryboardName = LaunchScreen;
				INFOPLIST_KEY_UIMainStoryboardFile = "";
				INFOPLIST_KEY_UISupportedInterfaceOrientations_iPad = "UIInterfaceOrientationPortrait UIInterfaceOrientationPortraitUpsideDown UIInterfaceOrientationLandscapeLeft UIInterfaceOrientationLandscapeRight";
				INFOPLIST_KEY_UISupportedInterfaceOrientations_iPhone = "UIInterfaceOrientationPortrait UIInterfaceOrientationLandscapeLeft UIInterfaceOrientationLandscapeRight";
				IPHONEOS_DEPLOYMENT_TARGET = 14.0;
				LD_RUNPATH_SEARCH_PATHS = (
					"$(inherited)",
					"@executable_path/Frameworks",
				);
				MARKETING_VERSION = 1.0;
				PRODUCT_BUNDLE_IDENTIFIER = com.hamitseyrek.TabView;
				PRODUCT_NAME = "$(TARGET_NAME)";
				SWIFT_EMIT_LOC_STRINGS = YES;
				SWIFT_VERSION = 5.0;
				TARGETED_DEVICE_FAMILY = "1,2";
			};
			name = Release;
		};
/* End XCBuildConfiguration section */

/* Begin XCConfigurationList section */
		5EE1F1D42C98290100A040D9 /* Build configuration list for PBXProject "TabView" */ = {
			isa = XCConfigurationList;
			buildConfigurations = (
				5EE1F1EB2C98290200A040D9 /* Debug */,
				5EE1F1EC2C98290200A040D9 /* Release */,
			);
			defaultConfigurationIsVisible = 0;
			defaultConfigurationName = Release;
		};
		5EE1F1ED2C98290200A040D9 /* Build configuration list for PBXNativeTarget "TabView" */ = {
			isa = XCConfigurationList;
			buildConfigurations = (
				5EE1F1EE2C98290200A040D9 /* Debug */,
				5EE1F1EF2C98290200A040D9 /* Release */,
			);
			defaultConfigurationIsVisible = 0;
			defaultConfigurationName = Release;
		};
/* End XCConfigurationList section */
	};
	rootObject = 5EE1F1D12C98290100A040D9 /* Project object */;
}
